# This file is autogenerated, do not edit; changes may be undone by the next 'dep ensure'.


[[projects]]
  digest = "1:9f3b30d9f8e0d7040f729b82dcbc8f0dead820a133b3147ce355fc451f32d761"
  name = "github.com/BurntSushi/toml"
  packages = ["."]
  pruneopts = "UT"
  revision = "3012a1dbe2e4bd1391d42b32f0577cb7bbc7f005"
  version = "v0.3.1"

[[projects]]
  branch = "master"
  digest = "1:0dc766c3a174ce7b8cbe977c6c2adf9372016c1b1d380eaac5f9ad30571550f5"
  name = "github.com/ms2008/log4go"
  packages = ["."]
  pruneopts = "UT"
  revision = "2bf8aaa3d9c083b04d0becf47830d41ebbd3dcf1"

[[projects]]
  digest = "1:e1cd343b3883ced86b6873fe4d2f76799259fba3d1656df6ac0a7fa92644c049"
  name = "github.com/toqueteos/webbrowser"
  packages = ["."]
  pruneopts = "UT"
  revision = "3232c91b8ede8ca86e8962981d881af78875542f"
  version = "v1.1"

[solve-meta]
  analyzer-name = "dep"
  analyzer-version = 1
  input-imports = [
    "github.com/BurntSushi/toml",
    "github.com/ms2008/log4go",
    "github.com/toqueteos/webbrowser",
  ]
  solver-name = "gps-cdcl"
  solver-version = 1
